// !$*UTF8*$!
{
	archiveVersion = 1;
	classes = {
	};
	objectVersion = 50;
	objects = {

/* Begin PBXBuildFile section */
		DF1EF4D42137BEDF00B1545A /* AppDelegate.swift in Sources */ = {isa = PBXBuildFile; fileRef = DF1EF4D32137BEDF00B1545A /* AppDelegate.swift */; };
		DF1EF4D62137BEDF00B1545A /* ViewController.swift in Sources */ = {isa = PBXBuildFile; fileRef = DF1EF4D52137BEDF00B1545A /* ViewController.swift */; };
		DF1EF4D92137BEDF00B1545A /* Main.storyboard in Resources */ = {isa = PBXBuildFile; fileRef = DF1EF4D72137BEDF00B1545A /* Main.storyboard */; };
		DF1EF4DB2137BEDF00B1545A /* Assets.xcassets in Resources */ = {isa = PBXBuildFile; fileRef = DF1EF4DA2137BEDF00B1545A /* Assets.xcassets */; };
		DF1EF4DE2137BEDF00B1545A /* LaunchScreen.storyboard in Resources */ = {isa = PBXBuildFile; fileRef = DF1EF4DC2137BEDF00B1545A /* LaunchScreen.storyboard */; };
/* End PBXBuildFile section */

/* Begin PBXFileReference section */
		DF1EF4D02137BEDF00B1545A /* WJPageView.app */ = {isa = PBXFileReference; explicitFileType = wrapper.application; includeInIndex = 0; path = WJPageView.app; sourceTree = BUILT_PRODUCTS_DIR; };
		DF1EF4D32137BEDF00B1545A /* AppDelegate.swift */ = {isa = PBXFileReference; lastKnownFileType = sourcecode.swift; path = AppDelegate.swift; sourceTree = "<group>"; };
		DF1EF4D52137BEDF00B1545A /* ViewController.swift */ = {isa = PBXFileReference; lastKnownFileType = sourcecode.swift; path = ViewController.swift; sourceTree = "<group>"; };
		DF1EF4D82137BEDF00B1545A /* Base */ = {isa = PBXFileReference; lastKnownFileType = file.storyboard; name = Base; path = Base.lproj/Main.storyboard; sourceTree = "<group>"; };
		DF1EF4DA2137BEDF00B1545A /* Assets.xcassets */ = {isa = PBXFileReference; lastKnownFileType = folder.assetcatalog; path = Assets.xcassets; sourceTree = "<group>"; };
		DF1EF4DD2137BEDF00B1545A /* Base */ = {isa = PBXFileReference; lastKnownFileType = file.storyboard; name = Base; path = Base.lproj/LaunchScreen.storyboard; sourceTree = "<group>"; };
		DF1EF4DF2137BEDF00B1545A /* Info.plist */ = {isa = PBXFileReference; lastKnownFileType = text.plist.xml; path = Info.plist; sourceTree = "<group>"; };
/* End PBXFileReference section */

/* Begin PBXFrameworksBuildPhase section */
		DF1EF4CD2137BEDF00B1545A /* Frameworks */ = {
			isa = PBXFrameworksBuildPhase;
			buildActionMask = 2147483647;
			files = (
			);
			runOnlyForDeploymentPostprocessing = 0;
		};
/* End PBXFrameworksBuildPhase section */

/* Begin PBXGroup section */
		DF1EF4C72137BEDE00B1545A = {
			isa = PBXGroup;
			children = (
				DF1EF4D22137BEDF00B1545A /* WJPageView */,
				DF1EF4D12137BEDF00B1545A /* Products */,
			);
			sourceTree = "<group>";
		};
		DF1EF4D12137BEDF00B1545A /* Products */ = {
			isa = PBXGroup;
			children = (
				DF1EF4D02137BEDF00B1545A /* WJPageView.app */,
			);
			name = Products;
			sourceTree = "<group>";
		};
		DF1EF4D22137BEDF00B1545A /* WJPageView */ = {
			isa = PBXGroup;
			children = (
				DF1EF4E52137BFEA00B1545A /* WJPageView */,
				DF1EF4D32137BEDF00B1545A /* AppDelegate.swift */,
				DF1EF4D52137BEDF00B1545A /* ViewController.swift */,
				DF1EF4D72137BEDF00B1545A /* Main.storyboard */,
				DF1EF4DA2137BEDF00B1545A /* Assets.xcassets */,
				DF1EF4DC2137BEDF00B1545A /* LaunchScreen.storyboard */,
				DF1EF4DF2137BEDF00B1545A /* Info.plist */,
			);
			path = WJPageView;
			sourceTree = "<group>";
		};
		DF1EF4E52137BFEA00B1545A /* WJPageView */ = {
			isa = PBXGroup;
			children = (
			);
			path = WJPageView;
			sourceTree = "<group>";
		};
/* End PBXGroup section */

/* Begin PBXNativeTarget section */
		DF1EF4CF2137BEDF00B1545A /* WJPageView */ = {
			isa = PBXNativeTarget;
			buildConfigurationList = DF1EF4E22137BEDF00B1545A /* Build configuration list for PBXNativeTarget "WJPageView" */;
			buildPhases = (
				DF1EF4CC2137BEDF00B1545A /* Sources */,
				DF1EF4CD2137BEDF00B1545A /* Frameworks */,
				DF1EF4CE2137BEDF00B1545A /* Resources */,
			);
			buildRules = (
			);
			dependencies = (
			);
			name = WJPageView;
			productName = WJPageView;
			productReference = DF1EF4D02137BEDF00B1545A /* WJPageView.app */;
			productType = "com.apple.product-type.application";
		};
/* End PBXNativeTarget section */

/* Begin PBXProject section */
		DF1EF4C82137BEDE00B1545A /* Project object */ = {
			isa = PBXProject;
			attributes = {
				CLASSPREFIX = WJ;
				LastSwiftUpdateCheck = 0940;
				LastUpgradeCheck = 0940;
				ORGANIZATIONNAME = "W.J Chen";
				TargetAttributes = {
					DF1EF4CF2137BEDF00B1545A = {
						CreatedOnToolsVersion = 9.4.1;
					};
				};
			};
			buildConfigurationList = DF1EF4CB2137BEDE00B1545A /* Build configuration list for PBXProject "WJPageView" */;
			compatibilityVersion = "Xcode 9.3";
			developmentRegion = en;
			hasScannedForEncodings = 0;
			knownRegions = (
				en,
				Base,
			);
			mainGroup = DF1EF4C72137BEDE00B1545A;
			productRefGroup = DF1EF4D12137BEDF00B1545A /* Products */;
			projectDirPath = "";
			projectRoot = "";
			targets = (
				DF1EF4CF2137BEDF00B1545A /* WJPageView */,
			);
		};
/* End PBXProject section */

/* Begin PBXResourcesBuildPhase section */
		DF1EF4CE2137BEDF00B1545A /* Resources */ = {
			isa = PBXResourcesBuildPhase;
			buildActionMask = 2147483647;
			files = (
				DF1EF4DE2137BEDF00B1545A /* LaunchScreen.storyboard in Resources */,
				DF1EF4DB2137BEDF00B1545A /* Assets.xcassets in Resources */,
				DF1EF4D92137BEDF00B1545A /* Main.storyboard in Resources */,
			);
			runOnlyForDeploymentPostprocessing = 0;
		};
/* End PBXResourcesBuildPhase section */

/* Begin PBXSourcesBuildPhase section */
		DF1EF4CC2137BEDF00B1545A /* Sources */ = {
			isa = PBXSourcesBuildPhase;
			buildActionMask = 2147483647;
			files = (
				DF1EF4D62137BEDF00B1545A /* ViewController.swift in Sources */,
				DF1EF4D42137BEDF00B1545A /* AppDelegate.swift in Sources */,
			);
			runOnlyForDeploymentPostprocessing = 0;
		};
/* End PBXSourcesBuildPhase section */

/* Begin PBXVariantGroup section */
		DF1EF4D72137BEDF00B1545A /* Main.storyboard */ = {
			isa = PBXVariantGroup;
			children = (
				DF1EF4D82137BEDF00B1545A /* Base */,
			);
			name = Main.storyboard;
			sourceTree = "<group>";
		};
		DF1EF4DC2137BEDF00B1545A /* LaunchScreen.storyboard */ = {
			isa = PBXVariantGroup;
			children = (
				DF1EF4DD2137BEDF00B1545A /* Base */,
			);
			name = LaunchScreen.storyboard;
			sourceTree = "<group>";
		};
/* End PBXVariantGroup section */

/* Begin XCBuildConfiguration section */
		DF1EF4E02137BEDF00B1545A /* Debug */ = {
			isa = XCBuildConfiguration;
			buildSettings = {
				ALWAYS_SEARCH_USER_PATHS = NO;
				CLANG_ANALYZER_NONNULL = YES;
				CLANG_ANALYZER_NUMBER_OBJECT_CONVERSION = YES_AGGRESSIVE;
				CLANG_CXX_LANGUAGE_STANDARD = "gnu++14";
				CLANG_CXX_LIBRARY = "libc++";
				CLANG_ENABLE_MODULES = YES;
				CLANG_ENABLE_OBJC_ARC = YES;
				CLANG_ENABLE_OBJC_WEAK = YES;
				CLANG_WARN_BLOCK_CAPTURE_AUTORELEASING = YES;
				CLANG_WARN_BOOL_CONVERSION = YES;
				CLANG_WARN_COMMA = YES;
				CLANG_WARN_CONSTANT_CONVERSION = YES;
				CLANG_WARN_DEPRECATED_OBJC_IMPLEMENTATIONS = YES;
				CLANG_WARN_DIRECT_OBJC_ISA_USAGE = YES_ERROR;
				CLANG_WARN_DOCUMENTATION_COMMENTS = YES;
				CLANG_WARN_EMPTY_BODY = YES;
				CLANG_WARN_ENUM_CONVERSION = YES;
				CLANG_WARN_INFINITE_RECURSION = YES;
				CLANG_WARN_INT_CONVERSION = YES;
				CLANG_WARN_NON_LITERAL_NULL_CONVERSION = YES;
				CLANG_WARN_OBJC_IMPLICIT_RETAIN_SELF = YES;
				CLANG_WARN_OBJC_LITERAL_CONVERSION = YES;
				CLANG_WARN_OBJC_ROOT_CLASS = YES_ERROR;
				CLANG_WARN_RANGE_LOOP_ANALYSIS = YES;
				CLANG_WARN_STRICT_PROTOTYPES = YES;
				CLANG_WARN_SUSPICIOUS_MOVE = YES;
				CLANG_WARN_UNGUARDED_AVAILABILITY = YES_AGGRESSIVE;
				CLANG_WARN_UNREACHABLE_CODE = YES;
				CLANG_WARN__DUPLICATE_METHOD_MATCH = YES;
				CODE_SIGN_IDENTITY = "iPhone Developer";
				COPY_PHASE_STRIP = NO;
				DEBUG_INFORMATION_FORMAT = dwarf;
				ENABLE_STRICT_OBJC_MSGSEND = YES;
				ENABLE_TESTABILITY = YES;
				GCC_C_LANGUAGE_STANDARD = gnu11;
				GCC_DYNAMIC_NO_PIC = NO;
				GCC_NO_COMMON_BLOCKS = YES;
				GCC_OPTIMIZATION_LEVEL = 0;
				GCC_PREPROCESSOR_DEFINITIONS = (
					"DEBUG=1",
					"$(inherited)",
				);
				GCC_WARN_64_TO_32_BIT_CONVERSION = YES;
				GCC_WARN_ABOUT_RETURN_TYPE = YES_ERROR;
				GCC_WARN_UNDECLARED_SELECTOR = YES;
				GCC_WARN_UNINITIALIZED_AUTOS = YES_AGGRESSIVE;
				GCC_WARN_UNUSED_FUNCTION = YES;
				GCC_WARN_UNUSED_VARIABLE = YES;
				IPHONEOS_DEPLOYMENT_TARGET = 8.0;
				MTL_ENABLE_DEBUG_INFO = YES;
				ONLY_ACTIVE_ARCH = YES;
				SDKROOT = iphoneos;
				SWIFT_ACTIVE_COMPILATION_CONDITIONS = DEBUG;
				SWIFT_OPTIMIZATION_LEVEL = "-Onone";
			};
			name = Debug;
		};
		DF1EF4E12137BEDF00B1545A /* Release */ = {
			isa = XCBuildConfiguration;
			buildSettings = {
				ALWAYS_SEARCH_USER_PATHS = NO;
				CLANG_ANALYZER_NONNULL = YES;
				CLANG_ANALYZER_NUMBER_OBJECT_CONVERSION = YES_AGGRESSIVE;
				CLANG_CXX_LANGUAGE_STANDARD = "gnu++14";
				CLANG_CXX_LIBRARY = "libc++";
				CLANG_ENABLE_MODULES = YES;
				CLANG_ENABLE_OBJC_ARC = YES;
				CLANG_ENABLE_OBJC_WEAK = YES;
				CLANG_WARN_BLOCK_CAPTURE_AUTORELEASING = YES;
				CLANG_WARN_BOOL_CONVERSION = YES;
				CLANG_WARN_COMMA = YES;
				CLANG_WARN_CONSTANT_CONVERSION = YES;
				CLANG_WARN_DEPRECATED_OBJC_IMPLEMENTATIONS = YES;
				CLANG_WARN_DIRECT_OBJC_ISA_USAGE = YES_ERROR;
				CLANG_WARN_DOCUMENTATION_COMMENTS = YES;
				CLANG_WARN_EMPTY_BODY = YES;
				CLANG_WARN_ENUM_CONVERSION = YES;
				CLANG_WARN_INFINITE_RECURSION = YES;
				CLANG_WARN_INT_CONVERSION = YES;
				CLANG_WARN_NON_LITERAL_NULL_CONVERSION = YES;
				CLANG_WARN_OBJC_IMPLICIT_RETAIN_SELF = YES;
				CLANG_WARN_OBJC_LITERAL_CONVERSION = YES;
				CLANG_WARN_OBJC_ROOT_CLASS = YES_ERROR;
				CLANG_WARN_RANGE_LOOP_ANALYSIS = YES;
				CLANG_WARN_STRICT_PROTOTYPES = YES;
				CLANG_WARN_SUSPICIOUS_MOVE = YES;
				CLANG_WARN_UNGUARDED_AVAILABILITY = YES_AGGRESSIVE;
				CLANG_WARN_UNREACHABLE_CODE = YES;
				CLANG_WARN__DUPLICATE_METHOD_MATCH = YES;
				CODE_SIGN_IDENTITY = "iPhone Developer";
				COPY_PHASE_STRIP = NO;
				DEBUG_INFORMATION_FORMAT = "dwarf-with-dsym";
				ENABLE_NS_ASSERTIONS = NO;
				ENABLE_STRICT_OBJC_MSGSEND = YES;
				GCC_C_LANGUAGE_STANDARD = gnu11;
				GCC_NO_COMMON_BLOCKS = YES;
				GCC_WARN_64_TO_32_BIT_CONVERSION = YES;
				GCC_WARN_ABOUT_RETURN_TYPE = YES_ERROR;
				GCC_WARN_UNDECLARED_SELECTOR = YES;
				GCC_WARN_UNINITIALIZED_AUTOS = YES_AGGRESSIVE;
				GCC_WARN_UNUSED_FUNCTION = YES;
				GCC_WARN_UNUSED_VARIABLE = YES;
				IPHONEOS_DEPLOYMENT_TARGET = 8.0;
				MTL_ENABLE_DEBUG_INFO = NO;
				SDKROOT = iphoneos;
				SWIFT_COMPILATION_MODE = wholemodule;
				SWIFT_OPTIMIZATION_LEVEL = "-O";
				VALIDATE_PRODUCT = YES;
			};
			name = Release;
		};
		DF1EF4E32137BEDF00B1545A /* Debug */ = {
			isa = XCBuildConfiguration;
			buildSettings = {
				ASSETCATALOG_COMPILER_APPICON_NAME = AppIcon;
				CODE_SIGN_STYLE = Manual;
				DEVELOPMENT_TEAM = CZ3FPDA5HU;
				INFOPLIST_FILE = WJPageView/Info.plist;
				LD_RUNPATH_SEARCH_PATHS = (
					"$(inherited)",
					"@executable_path/Frameworks",
				);
				PRODUCT_BUNDLE_IDENTIFIER = com.weijie.WJPageView;
				PRODUCT_NAME = "$(TARGET_NAME)";
				PROVISIONING_PROFILE = "7bcf2e6e-427c-4b76-96cd-89de29f8108a";
				PROVISIONING_PROFILE_SPECIFIER = AllDevUse;
				SWIFT_VERSION = 4.0;
				TARGETED_DEVICE_FAMILY = 1;
			};
			name = Debug;
		};
		DF1EF4E42137BEDF00B1545A /* Release */ = {
			isa = XCBuildConfiguration;
			buildSettings = {
				ASSETCATALOG_COMPILER_APPICON_NAME = AppIcon;
				CODE_SIGN_STYLE = Manual;
				DEVELOPMENT_TEAM = CZ3FPDA5HU;
				INFOPLIST_FILE = WJPageView/Info.plist;
				LD_RUNPATH_SEARCH_PATHS = (
					"$(inherited)",
					"@executable_path/Frameworks",
				);
				PRODUCT_BUNDLE_IDENTIFIER = com.weijie.WJPageView;
				PRODUCT_NAME = "$(TARGET_NAME)";
				PROVISIONING_PROFILE = "7bcf2e6e-427c-4b76-96cd-89de29f8108a";
				PROVISIONING_PROFILE_SPECIFIER = AllDevUse;
				SWIFT_VERSION = 4.0;
				TARGETED_DEVICE_FAMILY = 1;
			};
			name = Release;
		};
/* End XCBuildConfiguration section */

/* Begin XCConfigurationList section */
		DF1EF4CB2137BEDE00B1545A /* Build configuration list for PBXProject "WJPageView" */ = {
			isa = XCConfigurationList;
			buildConfigurations = (
				DF1EF4E02137BEDF00B1545A /* Debug */,
				DF1EF4E12137BEDF00B1545A /* Release */,
			);
			defaultConfigurationIsVisible = 0;
			defaultConfigurationName = Release;
		};
		DF1EF4E22137BEDF00B1545A /* Build configuration list for PBXNativeTarget "WJPageView" */ = {
			isa = XCConfigurationList;
			buildConfigurations = (
				DF1EF4E32137BEDF00B1545A /* Debug */,
				DF1EF4E42137BEDF00B1545A /* Release */,
			);
			defaultConfigurationIsVisible = 0;
			defaultConfigurationName = Release;
		};
/* End XCConfigurationList section */
	};
	rootObject = DF1EF4C82137BEDE00B1545A /* Project object */;
}
